
Microsoft Visual Studio Solution File, Format Version 12.00
# Visual Studio Version 17
VisualStudioVersion = 17.11.35219.272
MinimumVisualStudioVersion = 10.0.40219.1
Project("{FAE04EC0-301F-11D3-BF4B-00C04F79EFBC}") = "Server", "Server\Server.csproj", "{D37D8FAE-68C2-4DE8-B9FC-8EE76237EB02}"
EndProject
Project("{FAE04EC0-301F-11D3-BF4B-00C04F79EFBC}") = "Client", "Client\Client.csproj", "{EA122BCA-3F06-4FE8-B4EB-09AB9D54042C}"
EndProject
Global
	GlobalSection(SolutionConfigurationPlatforms) = preSolution
		Debug|Any CPU = Debug|Any CPU
		Release|Any CPU = Release|Any CPU
	EndGlobalSection
	GlobalSection(ProjectConfigurationPlatforms) = postSolution
		{D37D8FAE-68C2-4DE8-B9FC-8EE76237EB02}.Debug|Any CPU.ActiveCfg = Debug|Any CPU
		{D37D8FAE-68C2-4DE8-B9FC-8EE76237EB02}.Debug|Any CPU.Build.0 = Debug|Any CPU
		{D37D8FAE-68C2-4DE8-B9FC-8EE76237EB02}.Release|Any CPU.ActiveCfg = Release|Any CPU
		{D37D8FAE-68C2-4DE8-B9FC-8EE76237EB02}.Release|Any CPU.Build.0 = Release|Any CPU
		{EA122BCA-3F06-4FE8-B4EB-09AB9D54042C}.Debug|Any CPU.ActiveCfg = Debug|Any CPU
		{EA122BCA-3F06-4FE8-B4EB-09AB9D54042C}.Debug|Any CPU.Build.0 = Debug|Any CPU
		{EA122BCA-3F06-4FE8-B4EB-09AB9D54042C}.Release|Any CPU.ActiveCfg = Release|Any CPU
		{EA122BCA-3F06-4FE8-B4EB-09AB9D54042C}.Release|Any CPU.Build.0 = Release|Any CPU
	EndGlobalSection
	GlobalSection(SolutionProperties) = preSolution
		HideSolutionNode = FALSE
	EndGlobalSection
	GlobalSection(ExtensibilityGlobals) = postSolution
		SolutionGuid = {1EFDE317-ED2F-480A-99C6-A4B1E84C67E9}
	EndGlobalSection
EndGlobal
