
Microsoft Visual Studio Solution File, Format Version 12.00
# Visual Studio Version 17
VisualStudioVersion = 17.11.35219.272
MinimumVisualStudioVersion = 10.0.40219.1
Project("{FAE04EC0-301F-11D3-BF4B-00C04F79EFBC}") = "Server", "Server\Server.csproj", "{16B68D35-3BDD-4771-B337-C1ADE5726A03}"
EndProject
Project("{FAE04EC0-301F-11D3-BF4B-00C04F79EFBC}") = "Client", "Client\Client.csproj", "{A42BED5F-4E15-46EB-80B3-B0E6C32BD53F}"
EndProject
Global
	GlobalSection(SolutionConfigurationPlatforms) = preSolution
		Debug|Any CPU = Debug|Any CPU
		Release|Any CPU = Release|Any CPU
	EndGlobalSection
	GlobalSection(ProjectConfigurationPlatforms) = postSolution
		{16B68D35-3BDD-4771-B337-C1ADE5726A03}.Debug|Any CPU.ActiveCfg = Debug|Any CPU
		{16B68D35-3BDD-4771-B337-C1ADE5726A03}.Debug|Any CPU.Build.0 = Debug|Any CPU
		{16B68D35-3BDD-4771-B337-C1ADE5726A03}.Release|Any CPU.ActiveCfg = Release|Any CPU
		{16B68D35-3BDD-4771-B337-C1ADE5726A03}.Release|Any CPU.Build.0 = Release|Any CPU
		{A42BED5F-4E15-46EB-80B3-B0E6C32BD53F}.Debug|Any CPU.ActiveCfg = Debug|Any CPU
		{A42BED5F-4E15-46EB-80B3-B0E6C32BD53F}.Debug|Any CPU.Build.0 = Debug|Any CPU
		{A42BED5F-4E15-46EB-80B3-B0E6C32BD53F}.Release|Any CPU.ActiveCfg = Release|Any CPU
		{A42BED5F-4E15-46EB-80B3-B0E6C32BD53F}.Release|Any CPU.Build.0 = Release|Any CPU
	EndGlobalSection
	GlobalSection(SolutionProperties) = preSolution
		HideSolutionNode = FALSE
	EndGlobalSection
	GlobalSection(ExtensibilityGlobals) = postSolution
		SolutionGuid = {65AA27D0-6E6F-44BD-84C9-CCE91F3C514E}
	EndGlobalSection
EndGlobal
